
Microsoft Visual Studio Solution File, Format Version 12.00
# Visual Studio Version 17
VisualStudioVersion = 17.9.34701.34
MinimumVisualStudioVersion = 10.0.40219.1
Project("{9A19103F-16F7-4668-BE54-9A1E7A4F7556}") = "JjhKiosk", "JjhKiosk.csproj", "{9F1E1719-D8F6-4D8D-8BF0-25EB8072149A}"
EndProject
Project("{9A19103F-16F7-4668-BE54-9A1E7A4F7556}") = "JjhKiosk.Menu", "..\JjhKiosk.Main\JjhKiosk.Menu.csproj", "{7ADE2007-2A1B-41DF-9F61-381B6B8CB910}"
EndProject
Project("{9A19103F-16F7-4668-BE54-9A1E7A4F7556}") = "JjhKiosk.Support", "..\JjhKiosk.Support\JjhKiosk.Support.csproj", "{FF1927FA-58A7-49CA-A67D-5C1F82AB2556}"
EndProject
Project("{9A19103F-16F7-4668-BE54-9A1E7A4F7556}") = "JjhKiosk.Title", "..\JjhKiosk.Title\JjhKiosk.Title.csproj", "{53E93633-A148-4D45-BE77-6AAD5F7A70EC}"
EndProject
Project("{9A19103F-16F7-4668-BE54-9A1E7A4F7556}") = "JjhKiosk.Resource", "..\JjhKiosk.Resource\JjhKiosk.Resource.csproj", "{3CFDBC48-430C-4550-9150-0D50E6F27AA6}"
EndProject
Project("{9A19103F-16F7-4668-BE54-9A1E7A4F7556}") = "JjhKiosk.DB.Server.EF.Core", "..\JjhKiosk.DB.Server.EF.Core\JjhKiosk.DB.Server.EF.Core.csproj", "{C2661B8A-3802-49AB-877D-A8275542533E}"
EndProject
Project("{2150E333-8FDC-42A3-9474-1A3956D46DE8}") = "LIB", "LIB", "{727184E9-6368-4BDD-AFC0-051BAA6F0CF1}"
EndProject
Project("{2150E333-8FDC-42A3-9474-1A3956D46DE8}") = "UI", "UI", "{8AB3B6F1-1FCB-4D5A-B755-DE5BF243BD34}"
EndProject
Project("{9A19103F-16F7-4668-BE54-9A1E7A4F7556}") = "JjhKiosk.Login", "..\JjhKiosk.Login\JjhKiosk.Login.csproj", "{0A032163-48AE-4539-91BE-21864971D681}"
EndProject
Project("{9A19103F-16F7-4668-BE54-9A1E7A4F7556}") = "JjhKiosk.MainWindow", "..\JjhKiosk.MainWindow\JjhKiosk.MainWindow.csproj", "{00AA29AB-D793-46B7-83A1-0938C8D29E1A}"
EndProject
Project("{2150E333-8FDC-42A3-9474-1A3956D46DE8}") = "Utility", "Utility", "{AF4DB11A-EEEC-4B61-9F87-FAC76AD5ABB2}"
EndProject
Project("{9A19103F-16F7-4668-BE54-9A1E7A4F7556}") = "PasswordHashGenerator", "..\PasswordHashGenerator\PasswordHashGenerator.csproj", "{735E438E-B3DC-405D-95E6-5DF2C5CA8EAC}"
EndProject
Project("{9A19103F-16F7-4668-BE54-9A1E7A4F7556}") = "JjhKiosk.Standby", "..\JjhKiosk.Standby\JjhKiosk.Standby.csproj", "{59605FCA-7961-4CF4-9C35-0FE8178411A4}"
EndProject
Project("{9A19103F-16F7-4668-BE54-9A1E7A4F7556}") = "JjhKiosk.MenuList", "..\JjhKiosk.MenuList\JjhKiosk.MenuList.csproj", "{19C7164D-CC9A-4657-A7B0-4C6C872EDD9C}"
EndProject
Project("{9A19103F-16F7-4668-BE54-9A1E7A4F7556}") = "JjhKiosk.MenuCategory", "..\JjhKiosk.MenuCategory\JjhKiosk.MenuCategory.csproj", "{8B3FE987-BFD0-4015-AB1A-002A194C23A5}"
EndProject
Project("{FAE04EC0-301F-11D3-BF4B-00C04F79EFBC}") = "JjhKiosk.SubMenu", "..\JjhKiosk.SubMenu\JjhKiosk.SubMenu.csproj", "{D3B7B548-7954-429D-B370-19491E0066A5}"
EndProject
Global
	GlobalSection(SolutionConfigurationPlatforms) = preSolution
		Debug|Any CPU = Debug|Any CPU
		Release|Any CPU = Release|Any CPU
	EndGlobalSection
	GlobalSection(ProjectConfigurationPlatforms) = postSolution
		{9F1E1719-D8F6-4D8D-8BF0-25EB8072149A}.Debug|Any CPU.ActiveCfg = Debug|Any CPU
		{9F1E1719-D8F6-4D8D-8BF0-25EB8072149A}.Debug|Any CPU.Build.0 = Debug|Any CPU
		{9F1E1719-D8F6-4D8D-8BF0-25EB8072149A}.Release|Any CPU.ActiveCfg = Release|Any CPU
		{9F1E1719-D8F6-4D8D-8BF0-25EB8072149A}.Release|Any CPU.Build.0 = Release|Any CPU
		{7ADE2007-2A1B-41DF-9F61-381B6B8CB910}.Debug|Any CPU.ActiveCfg = Debug|Any CPU
		{7ADE2007-2A1B-41DF-9F61-381B6B8CB910}.Debug|Any CPU.Build.0 = Debug|Any CPU
		{7ADE2007-2A1B-41DF-9F61-381B6B8CB910}.Release|Any CPU.ActiveCfg = Release|Any CPU
		{7ADE2007-2A1B-41DF-9F61-381B6B8CB910}.Release|Any CPU.Build.0 = Release|Any CPU
		{FF1927FA-58A7-49CA-A67D-5C1F82AB2556}.Debug|Any CPU.ActiveCfg = Debug|Any CPU
		{FF1927FA-58A7-49CA-A67D-5C1F82AB2556}.Debug|Any CPU.Build.0 = Debug|Any CPU
		{FF1927FA-58A7-49CA-A67D-5C1F82AB2556}.Release|Any CPU.ActiveCfg = Release|Any CPU
		{FF1927FA-58A7-49CA-A67D-5C1F82AB2556}.Release|Any CPU.Build.0 = Release|Any CPU
		{53E93633-A148-4D45-BE77-6AAD5F7A70EC}.Debug|Any CPU.ActiveCfg = Debug|Any CPU
		{53E93633-A148-4D45-BE77-6AAD5F7A70EC}.Debug|Any CPU.Build.0 = Debug|Any CPU
		{53E93633-A148-4D45-BE77-6AAD5F7A70EC}.Release|Any CPU.ActiveCfg = Release|Any CPU
		{53E93633-A148-4D45-BE77-6AAD5F7A70EC}.Release|Any CPU.Build.0 = Release|Any CPU
		{3CFDBC48-430C-4550-9150-0D50E6F27AA6}.Debug|Any CPU.ActiveCfg = Debug|Any CPU
		{3CFDBC48-430C-4550-9150-0D50E6F27AA6}.Debug|Any CPU.Build.0 = Debug|Any CPU
		{3CFDBC48-430C-4550-9150-0D50E6F27AA6}.Release|Any CPU.ActiveCfg = Release|Any CPU
		{3CFDBC48-430C-4550-9150-0D50E6F27AA6}.Release|Any CPU.Build.0 = Release|Any CPU
		{C2661B8A-3802-49AB-877D-A8275542533E}.Debug|Any CPU.ActiveCfg = Debug|Any CPU
		{C2661B8A-3802-49AB-877D-A8275542533E}.Debug|Any CPU.Build.0 = Debug|Any CPU
		{C2661B8A-3802-49AB-877D-A8275542533E}.Release|Any CPU.ActiveCfg = Release|Any CPU
		{C2661B8A-3802-49AB-877D-A8275542533E}.Release|Any CPU.Build.0 = Release|Any CPU
		{0A032163-48AE-4539-91BE-21864971D681}.Debug|Any CPU.ActiveCfg = Debug|Any CPU
		{0A032163-48AE-4539-91BE-21864971D681}.Debug|Any CPU.Build.0 = Debug|Any CPU
		{0A032163-48AE-4539-91BE-21864971D681}.Release|Any CPU.ActiveCfg = Release|Any CPU
		{0A032163-48AE-4539-91BE-21864971D681}.Release|Any CPU.Build.0 = Release|Any CPU
		{00AA29AB-D793-46B7-83A1-0938C8D29E1A}.Debug|Any CPU.ActiveCfg = Debug|Any CPU
		{00AA29AB-D793-46B7-83A1-0938C8D29E1A}.Debug|Any CPU.Build.0 = Debug|Any CPU
		{00AA29AB-D793-46B7-83A1-0938C8D29E1A}.Release|Any CPU.ActiveCfg = Release|Any CPU
		{00AA29AB-D793-46B7-83A1-0938C8D29E1A}.Release|Any CPU.Build.0 = Release|Any CPU
		{735E438E-B3DC-405D-95E6-5DF2C5CA8EAC}.Debug|Any CPU.ActiveCfg = Debug|Any CPU
		{735E438E-B3DC-405D-95E6-5DF2C5CA8EAC}.Debug|Any CPU.Build.0 = Debug|Any CPU
		{735E438E-B3DC-405D-95E6-5DF2C5CA8EAC}.Release|Any CPU.ActiveCfg = Release|Any CPU
		{735E438E-B3DC-405D-95E6-5DF2C5CA8EAC}.Release|Any CPU.Build.0 = Release|Any CPU
		{59605FCA-7961-4CF4-9C35-0FE8178411A4}.Debug|Any CPU.ActiveCfg = Debug|Any CPU
		{59605FCA-7961-4CF4-9C35-0FE8178411A4}.Debug|Any CPU.Build.0 = Debug|Any CPU
		{59605FCA-7961-4CF4-9C35-0FE8178411A4}.Release|Any CPU.ActiveCfg = Release|Any CPU
		{59605FCA-7961-4CF4-9C35-0FE8178411A4}.Release|Any CPU.Build.0 = Release|Any CPU
		{19C7164D-CC9A-4657-A7B0-4C6C872EDD9C}.Debug|Any CPU.ActiveCfg = Debug|Any CPU
		{19C7164D-CC9A-4657-A7B0-4C6C872EDD9C}.Debug|Any CPU.Build.0 = Debug|Any CPU
		{19C7164D-CC9A-4657-A7B0-4C6C872EDD9C}.Release|Any CPU.ActiveCfg = Release|Any CPU
		{19C7164D-CC9A-4657-A7B0-4C6C872EDD9C}.Release|Any CPU.Build.0 = Release|Any CPU
		{8B3FE987-BFD0-4015-AB1A-002A194C23A5}.Debug|Any CPU.ActiveCfg = Debug|Any CPU
		{8B3FE987-BFD0-4015-AB1A-002A194C23A5}.Debug|Any CPU.Build.0 = Debug|Any CPU
		{8B3FE987-BFD0-4015-AB1A-002A194C23A5}.Release|Any CPU.ActiveCfg = Release|Any CPU
		{8B3FE987-BFD0-4015-AB1A-002A194C23A5}.Release|Any CPU.Build.0 = Release|Any CPU
		{D3B7B548-7954-429D-B370-19491E0066A5}.Debug|Any CPU.ActiveCfg = Debug|Any CPU
		{D3B7B548-7954-429D-B370-19491E0066A5}.Debug|Any CPU.Build.0 = Debug|Any CPU
		{D3B7B548-7954-429D-B370-19491E0066A5}.Release|Any CPU.ActiveCfg = Release|Any CPU
		{D3B7B548-7954-429D-B370-19491E0066A5}.Release|Any CPU.Build.0 = Release|Any CPU
	EndGlobalSection
	GlobalSection(SolutionProperties) = preSolution
		HideSolutionNode = FALSE
	EndGlobalSection
	GlobalSection(NestedProjects) = preSolution
		{9F1E1719-D8F6-4D8D-8BF0-25EB8072149A} = {8AB3B6F1-1FCB-4D5A-B755-DE5BF243BD34}
		{7ADE2007-2A1B-41DF-9F61-381B6B8CB910} = {8AB3B6F1-1FCB-4D5A-B755-DE5BF243BD34}
		{FF1927FA-58A7-49CA-A67D-5C1F82AB2556} = {8AB3B6F1-1FCB-4D5A-B755-DE5BF243BD34}
		{53E93633-A148-4D45-BE77-6AAD5F7A70EC} = {8AB3B6F1-1FCB-4D5A-B755-DE5BF243BD34}
		{3CFDBC48-430C-4550-9150-0D50E6F27AA6} = {8AB3B6F1-1FCB-4D5A-B755-DE5BF243BD34}
		{C2661B8A-3802-49AB-877D-A8275542533E} = {727184E9-6368-4BDD-AFC0-051BAA6F0CF1}
		{0A032163-48AE-4539-91BE-21864971D681} = {8AB3B6F1-1FCB-4D5A-B755-DE5BF243BD34}
		{00AA29AB-D793-46B7-83A1-0938C8D29E1A} = {8AB3B6F1-1FCB-4D5A-B755-DE5BF243BD34}
		{735E438E-B3DC-405D-95E6-5DF2C5CA8EAC} = {AF4DB11A-EEEC-4B61-9F87-FAC76AD5ABB2}
		{59605FCA-7961-4CF4-9C35-0FE8178411A4} = {8AB3B6F1-1FCB-4D5A-B755-DE5BF243BD34}
		{19C7164D-CC9A-4657-A7B0-4C6C872EDD9C} = {8AB3B6F1-1FCB-4D5A-B755-DE5BF243BD34}
		{8B3FE987-BFD0-4015-AB1A-002A194C23A5} = {8AB3B6F1-1FCB-4D5A-B755-DE5BF243BD34}
		{D3B7B548-7954-429D-B370-19491E0066A5} = {8AB3B6F1-1FCB-4D5A-B755-DE5BF243BD34}
	EndGlobalSection
	GlobalSection(ExtensibilityGlobals) = postSolution
		SolutionGuid = {94B1771F-F210-4295-80D3-0117772F2400}
	EndGlobalSection
EndGlobal
